
Microsoft Visual Studio Solution File, Format Version 12.00
# Visual Studio Version 16
VisualStudioVersion = 16.0.30204.135
MinimumVisualStudioVersion = 10.0.40219.1
Project("{FAE04EC0-301F-11D3-BF4B-00C04F79EFBC}") = "LearningCsharp-202021", "LearningCsharp-202021\LearningCsharp-202021.csproj", "{36E068A6-09CD-4F1A-A1BE-59346C86E358}"
EndProject
Global
	GlobalSection(SolutionConfigurationPlatforms) = preSolution
		Debug|Any CPU = Debug|Any CPU
		Release|Any CPU = Release|Any CPU
	EndGlobalSection
	GlobalSection(ProjectConfigurationPlatforms) = postSolution
		{36E068A6-09CD-4F1A-A1BE-59346C86E358}.Debug|Any CPU.ActiveCfg = Debug|Any CPU
		{36E068A6-09CD-4F1A-A1BE-59346C86E358}.Debug|Any CPU.Build.0 = Debug|Any CPU
		{36E068A6-09CD-4F1A-A1BE-59346C86E358}.Release|Any CPU.ActiveCfg = Release|Any CPU
		{36E068A6-09CD-4F1A-A1BE-59346C86E358}.Release|Any CPU.Build.0 = Release|Any CPU
	EndGlobalSection
	GlobalSection(SolutionProperties) = preSolution
		HideSolutionNode = FALSE
	EndGlobalSection
	GlobalSection(ExtensibilityGlobals) = postSolution
		SolutionGuid = {844390B0-9EBF-4E26-A3E8-F0F34C3A2C6A}
	EndGlobalSection
EndGlobal
